
Microsoft Visual Studio Solution File, Format Version 12.00
# Visual Studio Version 16
VisualStudioVersion = 16.0.30503.244
MinimumVisualStudioVersion = 10.0.40219.1
Project("{8BC9CEB8-8B4A-11D0-8D11-00A0C91BC942}") = "Com", "Com\Com.vcxproj", "{840001C9-F2DE-4C5F-996B-77CCED0A2647}"
EndProject
Project("{8BC9CEB8-8B4A-11D0-8D11-00A0C91BC942}") = "fmtlib", "Com\fmtlib\fmtlib.vcxproj", "{2319C3FD-0FBB-EDD3-F875-0128E4B67424}"
EndProject
Global
	GlobalSection(SolutionConfigurationPlatforms) = preSolution
		Debug|x64 = Debug|x64
		Debug|x86 = Debug|x86
		Dist|x64 = Dist|x64
		Dist|x86 = Dist|x86
		Release|x64 = Release|x64
		Release|x86 = Release|x86
	EndGlobalSection
	GlobalSection(ProjectConfigurationPlatforms) = postSolution
		{840001C9-F2DE-4C5F-996B-77CCED0A2647}.Debug|x64.ActiveCfg = Debug|x64
		{840001C9-F2DE-4C5F-996B-77CCED0A2647}.Debug|x64.Build.0 = Debug|x64
		{840001C9-F2DE-4C5F-996B-77CCED0A2647}.Debug|x86.ActiveCfg = Debug|Win32
		{840001C9-F2DE-4C5F-996B-77CCED0A2647}.Debug|x86.Build.0 = Debug|Win32
		{840001C9-F2DE-4C5F-996B-77CCED0A2647}.Dist|x64.ActiveCfg = Debug|x64
		{840001C9-F2DE-4C5F-996B-77CCED0A2647}.Dist|x64.Build.0 = Debug|x64
		{840001C9-F2DE-4C5F-996B-77CCED0A2647}.Dist|x86.ActiveCfg = Debug|Win32
		{840001C9-F2DE-4C5F-996B-77CCED0A2647}.Dist|x86.Build.0 = Debug|Win32
		{840001C9-F2DE-4C5F-996B-77CCED0A2647}.Release|x64.ActiveCfg = Release|x64
		{840001C9-F2DE-4C5F-996B-77CCED0A2647}.Release|x64.Build.0 = Release|x64
		{840001C9-F2DE-4C5F-996B-77CCED0A2647}.Release|x86.ActiveCfg = Release|Win32
		{840001C9-F2DE-4C5F-996B-77CCED0A2647}.Release|x86.Build.0 = Release|Win32
		{2319C3FD-0FBB-EDD3-F875-0128E4B67424}.Debug|x64.ActiveCfg = Debug|x64
		{2319C3FD-0FBB-EDD3-F875-0128E4B67424}.Debug|x64.Build.0 = Debug|x64
		{2319C3FD-0FBB-EDD3-F875-0128E4B67424}.Debug|x86.ActiveCfg = Debug|x64
		{2319C3FD-0FBB-EDD3-F875-0128E4B67424}.Dist|x64.ActiveCfg = Dist|x64
		{2319C3FD-0FBB-EDD3-F875-0128E4B67424}.Dist|x64.Build.0 = Dist|x64
		{2319C3FD-0FBB-EDD3-F875-0128E4B67424}.Dist|x86.ActiveCfg = Dist|x64
		{2319C3FD-0FBB-EDD3-F875-0128E4B67424}.Release|x64.ActiveCfg = Release|x64
		{2319C3FD-0FBB-EDD3-F875-0128E4B67424}.Release|x64.Build.0 = Release|x64
		{2319C3FD-0FBB-EDD3-F875-0128E4B67424}.Release|x86.ActiveCfg = Release|x64
	EndGlobalSection
	GlobalSection(SolutionProperties) = preSolution
		HideSolutionNode = FALSE
	EndGlobalSection
	GlobalSection(ExtensibilityGlobals) = postSolution
		SolutionGuid = {15A42EC6-1766-46EB-9C34-D7E7BAB1ADA1}
	EndGlobalSection
EndGlobal
